// !$*UTF8*$!
{
	archiveVersion = 1;
	classes = {
	};
	objectVersion = 46;
	objects = {

/* Begin PBXBuildFile section */
		8AD027DB157062BA00F82BAB /* main.cpp in Sources */ = {isa = PBXBuildFile; fileRef = 8AD027DA157062BA00F82BAB /* main.cpp */; };
		8AD027DD157062BA00F82BAB /* GoldenSite.1 in CopyFiles */ = {isa = PBXBuildFile; fileRef = 8AD027DC157062BA00F82BAB /* GoldenSite.1 */; };
/* End PBXBuildFile section */

/* Begin PBXCopyFilesBuildPhase section */
		8AD027D4157062BA00F82BAB /* CopyFiles */ = {
			isa = PBXCopyFilesBuildPhase;
			buildActionMask = 2147483647;
			dstPath = /usr/share/man/man1/;
			dstSubfolderSpec = 0;
			files = (
				8AD027DD157062BA00F82BAB /* GoldenSite.1 in CopyFiles */,
			);
			runOnlyForDeploymentPostprocessing = 1;
		};
/* End PBXCopyFilesBuildPhase section */

/* Begin PBXFileReference section */
		8AD027D6157062BA00F82BAB /* GoldenSite */ = {isa = PBXFileReference; explicitFileType = "compiled.mach-o.executable"; includeInIndex = 0; path = GoldenSite; sourceTree = BUILT_PRODUCTS_DIR; };
		8AD027DA157062BA00F82BAB /* main.cpp */ = {isa = PBXFileReference; lastKnownFileType = sourcecode.cpp.cpp; path = main.cpp; sourceTree = "<group>"; };
		8AD027DC157062BA00F82BAB /* GoldenSite.1 */ = {isa = PBXFileReference; lastKnownFileType = text.man; path = GoldenSite.1; sourceTree = "<group>"; };
/* End PBXFileReference section */

/* Begin PBXFrameworksBuildPhase section */
		8AD027D3157062BA00F82BAB /* Frameworks */ = {
			isa = PBXFrameworksBuildPhase;
			buildActionMask = 2147483647;
			files = (
			);
			runOnlyForDeploymentPostprocessing = 0;
		};
/* End PBXFrameworksBuildPhase section */

/* Begin PBXGroup section */
		8AD027CB157062B900F82BAB = {
			isa = PBXGroup;
			children = (
				8AD027D9157062BA00F82BAB /* GoldenSite */,
				8AD027D7157062BA00F82BAB /* Products */,
			);
			sourceTree = "<group>";
		};
		8AD027D7157062BA00F82BAB /* Products */ = {
			isa = PBXGroup;
			children = (
				8AD027D6157062BA00F82BAB /* GoldenSite */,
			);
			name = Products;
			sourceTree = "<group>";
		};
		8AD027D9157062BA00F82BAB /* GoldenSite */ = {
			isa = PBXGroup;
			children = (
				8AD027DA157062BA00F82BAB /* main.cpp */,
				8AD027DC157062BA00F82BAB /* GoldenSite.1 */,
			);
			path = GoldenSite;
			sourceTree = "<group>";
		};
/* End PBXGroup section */

/* Begin PBXNativeTarget section */
		8AD027D5157062BA00F82BAB /* GoldenSite */ = {
			isa = PBXNativeTarget;
			buildConfigurationList = 8AD027E0157062BA00F82BAB /* Build configuration list for PBXNativeTarget "GoldenSite" */;
			buildPhases = (
				8AD027D2157062BA00F82BAB /* Sources */,
				8AD027D3157062BA00F82BAB /* Frameworks */,
				8AD027D4157062BA00F82BAB /* CopyFiles */,
			);
			buildRules = (
			);
			dependencies = (
			);
			name = GoldenSite;
			productName = GoldenSite;
			productReference = 8AD027D6157062BA00F82BAB /* GoldenSite */;
			productType = "com.apple.product-type.tool";
		};
/* End PBXNativeTarget section */

/* Begin PBXProject section */
		8AD027CD157062B900F82BAB /* Project object */ = {
			isa = PBXProject;
			attributes = {
				LastUpgradeCheck = 0420;
			};
			buildConfigurationList = 8AD027D0157062B900F82BAB /* Build configuration list for PBXProject "GoldenSite" */;
			compatibilityVersion = "Xcode 3.2";
			developmentRegion = English;
			hasScannedForEncodings = 0;
			knownRegions = (
				en,
			);
			mainGroup = 8AD027CB157062B900F82BAB;
			productRefGroup = 8AD027D7157062BA00F82BAB /* Products */;
			projectDirPath = "";
			projectRoot = "";
			targets = (
				8AD027D5157062BA00F82BAB /* GoldenSite */,
			);
		};
/* End PBXProject section */

/* Begin PBXSourcesBuildPhase section */
		8AD027D2157062BA00F82BAB /* Sources */ = {
			isa = PBXSourcesBuildPhase;
			buildActionMask = 2147483647;
			files = (
				8AD027DB157062BA00F82BAB /* main.cpp in Sources */,
			);
			runOnlyForDeploymentPostprocessing = 0;
		};
/* End PBXSourcesBuildPhase section */

/* Begin XCBuildConfiguration section */
		8AD027DE157062BA00F82BAB /* Debug */ = {
			isa = XCBuildConfiguration;
			buildSettings = {
				ALWAYS_SEARCH_USER_PATHS = NO;
				ARCHS = "$(ARCHS_STANDARD_64_BIT)";
				COPY_PHASE_STRIP = NO;
				GCC_C_LANGUAGE_STANDARD = gnu99;
				GCC_DYNAMIC_NO_PIC = NO;
				GCC_ENABLE_OBJC_EXCEPTIONS = YES;
				GCC_OPTIMIZATION_LEVEL = 0;
				GCC_PREPROCESSOR_DEFINITIONS = (
					"DEBUG=1",
					"$(inherited)",
				);
				GCC_SYMBOLS_PRIVATE_EXTERN = NO;
				GCC_VERSION = com.apple.compilers.llvm.clang.1_0;
				GCC_WARN_64_TO_32_BIT_CONVERSION = YES;
				GCC_WARN_ABOUT_MISSING_PROTOTYPES = YES;
				GCC_WARN_ABOUT_RETURN_TYPE = YES;
				GCC_WARN_UNUSED_VARIABLE = YES;
				MACOSX_DEPLOYMENT_TARGET = 10.6;
				ONLY_ACTIVE_ARCH = YES;
				SDKROOT = macosx;
			};
			name = Debug;
		};
		8AD027DF157062BA00F82BAB /* Release */ = {
			isa = XCBuildConfiguration;
			buildSettings = {
				ALWAYS_SEARCH_USER_PATHS = NO;
				ARCHS = "$(ARCHS_STANDARD_64_BIT)";
				COPY_PHASE_STRIP = YES;
				DEBUG_INFORMATION_FORMAT = "dwarf-with-dsym";
				GCC_C_LANGUAGE_STANDARD = gnu99;
				GCC_ENABLE_OBJC_EXCEPTIONS = YES;
				GCC_VERSION = com.apple.compilers.llvm.clang.1_0;
				GCC_WARN_64_TO_32_BIT_CONVERSION = YES;
				GCC_WARN_ABOUT_MISSING_PROTOTYPES = YES;
				GCC_WARN_ABOUT_RETURN_TYPE = YES;
				GCC_WARN_UNUSED_VARIABLE = YES;
				MACOSX_DEPLOYMENT_TARGET = 10.6;
				SDKROOT = macosx;
			};
			name = Release;
		};
		8AD027E1157062BA00F82BAB /* Debug */ = {
			isa = XCBuildConfiguration;
			buildSettings = {
				PRODUCT_NAME = "$(TARGET_NAME)";
			};
			name = Debug;
		};
		8AD027E2157062BA00F82BAB /* Release */ = {
			isa = XCBuildConfiguration;
			buildSettings = {
				PRODUCT_NAME = "$(TARGET_NAME)";
			};
			name = Release;
		};
/* End XCBuildConfiguration section */

/* Begin XCConfigurationList section */
		8AD027D0157062B900F82BAB /* Build configuration list for PBXProject "GoldenSite" */ = {
			isa = XCConfigurationList;
			buildConfigurations = (
				8AD027DE157062BA00F82BAB /* Debug */,
				8AD027DF157062BA00F82BAB /* Release */,
			);
			defaultConfigurationIsVisible = 0;
			defaultConfigurationName = Release;
		};
		8AD027E0157062BA00F82BAB /* Build configuration list for PBXNativeTarget "GoldenSite" */ = {
			isa = XCConfigurationList;
			buildConfigurations = (
				8AD027E1157062BA00F82BAB /* Debug */,
				8AD027E2157062BA00F82BAB /* Release */,
			);
			defaultConfigurationIsVisible = 0;
		};
/* End XCConfigurationList section */
	};
	rootObject = 8AD027CD157062B900F82BAB /* Project object */;
}
